
Microsoft Visual Studio Solution File, Format Version 12.00
# Visual Studio Version 17
VisualStudioVersion = 17.7.34031.279
MinimumVisualStudioVersion = 10.0.40219.1
Project("{FAE04EC0-301F-11D3-BF4B-00C04F79EFBC}") = "Repaso", "Repaso\Repaso.csproj", "{94BB9372-DE4D-43A3-BA3B-D77C38D13CE5}"
EndProject
Global
	GlobalSection(SolutionConfigurationPlatforms) = preSolution
		Debug|Any CPU = Debug|Any CPU
		Release|Any CPU = Release|Any CPU
	EndGlobalSection
	GlobalSection(ProjectConfigurationPlatforms) = postSolution
		{94BB9372-DE4D-43A3-BA3B-D77C38D13CE5}.Debug|Any CPU.ActiveCfg = Debug|Any CPU
		{94BB9372-DE4D-43A3-BA3B-D77C38D13CE5}.Debug|Any CPU.Build.0 = Debug|Any CPU
		{94BB9372-DE4D-43A3-BA3B-D77C38D13CE5}.Release|Any CPU.ActiveCfg = Release|Any CPU
		{94BB9372-DE4D-43A3-BA3B-D77C38D13CE5}.Release|Any CPU.Build.0 = Release|Any CPU
	EndGlobalSection
	GlobalSection(SolutionProperties) = preSolution
		HideSolutionNode = FALSE
	EndGlobalSection
	GlobalSection(ExtensibilityGlobals) = postSolution
		SolutionGuid = {C54266AA-2A85-4B3F-A55D-F0D3C9BD1347}
	EndGlobalSection
EndGlobal
